
Microsoft Visual Studio Solution File, Format Version 12.00
# Visual Studio Version 16
VisualStudioVersion = 16.0.31005.135
MinimumVisualStudioVersion = 10.0.40219.1
Project("{2150E333-8FDC-42A3-9474-1A3956D46DE8}") = "app", "app", "{6A3302AD-3484-4133-9CAA-C68F94B7CAF2}"
EndProject
Project("{9A19103F-16F7-4668-BE54-9A1E7A4F7556}") = "TinyBank.api", "app\TinyBank.api\TinyBank.api.csproj", "{8EDA068C-EC07-43BC-A260-50CDB9859932}"
EndProject
Project("{2150E333-8FDC-42A3-9474-1A3956D46DE8}") = "src", "src", "{64B63E92-F2D8-4665-B358-4C9D9A895E8D}"
EndProject
Project("{FAE04EC0-301F-11D3-BF4B-00C04F79EFBC}") = "TinyBank.Controllers", "src\TinyBank.Controllers\TinyBank.Controllers.csproj", "{F62AE824-B687-4736-A467-ABD7032AF35E}"
EndProject
Project("{FAE04EC0-301F-11D3-BF4B-00C04F79EFBC}") = "TinyBank.Interfaces", "src\TinyBank.Interfaces\TinyBank.Interfaces.csproj", "{DB2C953D-95EC-4CF5-B5AE-AA6F8509BFE4}"
EndProject
Project("{FAE04EC0-301F-11D3-BF4B-00C04F79EFBC}") = "TinyBank.Implementation", "src\TinyBank.Implementation\TinyBank.Implementation.csproj", "{1FD1571D-2462-465A-AF9E-AD308B465006}"
EndProject
Project("{FAE04EC0-301F-11D3-BF4B-00C04F79EFBC}") = "TinyBank.Types", "src\TinyBank.Types\TinyBank.Types.csproj", "{6BB8FF23-65C5-4521-BD62-AD3C7B80DF9C}"
EndProject
Project("{2150E333-8FDC-42A3-9474-1A3956D46DE8}") = "tests", "tests", "{A3A17360-E8BC-4C35-8889-EDB78816F7E5}"
EndProject
Project("{FAE04EC0-301F-11D3-BF4B-00C04F79EFBC}") = "TinyBank.Tests", "tests\TinyBank.Tests\TinyBank.Tests.csproj", "{ED3CFAA5-C8A6-4698-BA80-A1BD79873888}"
EndProject
Global
	GlobalSection(SolutionConfigurationPlatforms) = preSolution
		Debug|Any CPU = Debug|Any CPU
		Release|Any CPU = Release|Any CPU
	EndGlobalSection
	GlobalSection(ProjectConfigurationPlatforms) = postSolution
		{8EDA068C-EC07-43BC-A260-50CDB9859932}.Debug|Any CPU.ActiveCfg = Debug|Any CPU
		{8EDA068C-EC07-43BC-A260-50CDB9859932}.Debug|Any CPU.Build.0 = Debug|Any CPU
		{8EDA068C-EC07-43BC-A260-50CDB9859932}.Release|Any CPU.ActiveCfg = Release|Any CPU
		{8EDA068C-EC07-43BC-A260-50CDB9859932}.Release|Any CPU.Build.0 = Release|Any CPU
		{F62AE824-B687-4736-A467-ABD7032AF35E}.Debug|Any CPU.ActiveCfg = Debug|Any CPU
		{F62AE824-B687-4736-A467-ABD7032AF35E}.Debug|Any CPU.Build.0 = Debug|Any CPU
		{F62AE824-B687-4736-A467-ABD7032AF35E}.Release|Any CPU.ActiveCfg = Release|Any CPU
		{F62AE824-B687-4736-A467-ABD7032AF35E}.Release|Any CPU.Build.0 = Release|Any CPU
		{DB2C953D-95EC-4CF5-B5AE-AA6F8509BFE4}.Debug|Any CPU.ActiveCfg = Debug|Any CPU
		{DB2C953D-95EC-4CF5-B5AE-AA6F8509BFE4}.Debug|Any CPU.Build.0 = Debug|Any CPU
		{DB2C953D-95EC-4CF5-B5AE-AA6F8509BFE4}.Release|Any CPU.ActiveCfg = Release|Any CPU
		{DB2C953D-95EC-4CF5-B5AE-AA6F8509BFE4}.Release|Any CPU.Build.0 = Release|Any CPU
		{1FD1571D-2462-465A-AF9E-AD308B465006}.Debug|Any CPU.ActiveCfg = Debug|Any CPU
		{1FD1571D-2462-465A-AF9E-AD308B465006}.Debug|Any CPU.Build.0 = Debug|Any CPU
		{1FD1571D-2462-465A-AF9E-AD308B465006}.Release|Any CPU.ActiveCfg = Release|Any CPU
		{1FD1571D-2462-465A-AF9E-AD308B465006}.Release|Any CPU.Build.0 = Release|Any CPU
		{6BB8FF23-65C5-4521-BD62-AD3C7B80DF9C}.Debug|Any CPU.ActiveCfg = Debug|Any CPU
		{6BB8FF23-65C5-4521-BD62-AD3C7B80DF9C}.Debug|Any CPU.Build.0 = Debug|Any CPU
		{6BB8FF23-65C5-4521-BD62-AD3C7B80DF9C}.Release|Any CPU.ActiveCfg = Release|Any CPU
		{6BB8FF23-65C5-4521-BD62-AD3C7B80DF9C}.Release|Any CPU.Build.0 = Release|Any CPU
		{ED3CFAA5-C8A6-4698-BA80-A1BD79873888}.Debug|Any CPU.ActiveCfg = Debug|Any CPU
		{ED3CFAA5-C8A6-4698-BA80-A1BD79873888}.Debug|Any CPU.Build.0 = Debug|Any CPU
		{ED3CFAA5-C8A6-4698-BA80-A1BD79873888}.Release|Any CPU.ActiveCfg = Release|Any CPU
		{ED3CFAA5-C8A6-4698-BA80-A1BD79873888}.Release|Any CPU.Build.0 = Release|Any CPU
	EndGlobalSection
	GlobalSection(SolutionProperties) = preSolution
		HideSolutionNode = FALSE
	EndGlobalSection
	GlobalSection(NestedProjects) = preSolution
		{8EDA068C-EC07-43BC-A260-50CDB9859932} = {6A3302AD-3484-4133-9CAA-C68F94B7CAF2}
		{F62AE824-B687-4736-A467-ABD7032AF35E} = {64B63E92-F2D8-4665-B358-4C9D9A895E8D}
		{DB2C953D-95EC-4CF5-B5AE-AA6F8509BFE4} = {64B63E92-F2D8-4665-B358-4C9D9A895E8D}
		{1FD1571D-2462-465A-AF9E-AD308B465006} = {64B63E92-F2D8-4665-B358-4C9D9A895E8D}
		{6BB8FF23-65C5-4521-BD62-AD3C7B80DF9C} = {64B63E92-F2D8-4665-B358-4C9D9A895E8D}
		{ED3CFAA5-C8A6-4698-BA80-A1BD79873888} = {A3A17360-E8BC-4C35-8889-EDB78816F7E5}
	EndGlobalSection
	GlobalSection(ExtensibilityGlobals) = postSolution
		SolutionGuid = {BD8E0A66-7B81-4AC5-9336-0FE8999FE4C5}
	EndGlobalSection
EndGlobal
